
Microsoft Visual Studio Solution File, Format Version 12.00
# Visual Studio 15
VisualStudioVersion = 15.0.27130.2036
MinimumVisualStudioVersion = 10.0.40219.1
Project("{FAE04EC0-301F-11D3-BF4B-00C04F79EFBC}") = "Minecraft.ServerHall", "Minecraft.ServerHall\Minecraft.ServerHall.csproj", "{F716882E-7043-4BAC-BBBF-66B4D821CD7A}"
EndProject
Project("{FAE04EC0-301F-11D3-BF4B-00C04F79EFBC}") = "Minecraft.BLL", "Minecraft.BLL\Minecraft.BLL.csproj", "{B6D99A0E-5AEB-42C1-98B4-BE32BB16CAA8}"
EndProject
Project("{FAE04EC0-301F-11D3-BF4B-00C04F79EFBC}") = "Minecraft.CacheRedis", "Minecraft.CacheRedis\Minecraft.CacheRedis.csproj", "{78C39217-0E3A-4E93-9F58-0108EFE5639F}"
EndProject
Project("{FAE04EC0-301F-11D3-BF4B-00C04F79EFBC}") = "Minecraft.DALMongoDb", "Minecraft.DALMongoDb\Minecraft.DALMongoDb.csproj", "{F22FC0E3-8064-427B-8437-38CC996DE567}"
EndProject
Project("{FAE04EC0-301F-11D3-BF4B-00C04F79EFBC}") = "Minecraft.DALMySql", "Minecraft.DALMySql\Minecraft.DALMySql.csproj", "{D55CEBF6-D7A9-4F05-9F3C-91C113F9F1E5}"
EndProject
Project("{FAE04EC0-301F-11D3-BF4B-00C04F79EFBC}") = "Minecraft.Model", "Minecraft.Model\Minecraft.Model.csproj", "{D89518F5-88E7-4B0E-AB9D-86589F429176}"
EndProject
Project("{FAE04EC0-301F-11D3-BF4B-00C04F79EFBC}") = "Minecraft.Common", "Minecraft.Common\Minecraft.Common.csproj", "{464CD133-6FF3-408E-9D53-934E14776072}"
EndProject
Project("{FAE04EC0-301F-11D3-BF4B-00C04F79EFBC}") = "Minecraft.ConnTest", "Minecraft.ConnTest\Minecraft.ConnTest.csproj", "{D70A0AE3-7F63-4DDC-B5C3-11C3479F5CA6}"
EndProject
Project("{2150E333-8FDC-42A3-9474-1A3956D46DE8}") = "1_Model", "1_Model", "{9784619B-E6A9-45A3-8A2A-AC2075EB1FCE}"
EndProject
Project("{2150E333-8FDC-42A3-9474-1A3956D46DE8}") = "2_DAL", "2_DAL", "{A046FA82-0145-453A-94A0-DAD0808A0BB0}"
EndProject
Project("{2150E333-8FDC-42A3-9474-1A3956D46DE8}") = "4_BLL", "4_BLL", "{CD8008D6-AF45-43AF-8880-C2A61F7828D9}"
EndProject
Project("{2150E333-8FDC-42A3-9474-1A3956D46DE8}") = "0_Common_Config", "0_Common_Config", "{6D27CC8B-FB71-47E1-A583-86E8BC24242E}"
EndProject
Project("{2150E333-8FDC-42A3-9474-1A3956D46DE8}") = "3_Cache", "3_Cache", "{9E1F887F-6BC6-44E7-A1B0-84A82AC7AD40}"
EndProject
Project("{2150E333-8FDC-42A3-9474-1A3956D46DE8}") = "6_Test", "6_Test", "{696DA0EF-8845-4A4A-956E-D96DA7DB7159}"
EndProject
Project("{2150E333-8FDC-42A3-9474-1A3956D46DE8}") = "5_Server", "5_Server", "{D4669D7B-54AA-4C4C-9A30-C7C1C12D3538}"
EndProject
Project("{FAE04EC0-301F-11D3-BF4B-00C04F79EFBC}") = "Minecraft.Test", "Minecraft.Test\Minecraft.Test.csproj", "{71AF9B55-409F-48F3-B927-27FDEC42A91A}"
EndProject
Project("{2150E333-8FDC-42A3-9474-1A3956D46DE8}") = "7_Tool", "7_Tool", "{A9C234F8-9A64-4511-BBC6-05B61EE8927A}"
EndProject
Project("{FAE04EC0-301F-11D3-BF4B-00C04F79EFBC}") = "Minecraft.SignSelect", "Minecraft.SignSelect\Minecraft.SignSelect.csproj", "{D0B62F24-EAF1-4654-B859-337EA97DC2B9}"
EndProject
Project("{FAE04EC0-301F-11D3-BF4B-00C04F79EFBC}") = "Minecraft.RedisTest", "Minecraft.RedisTest\Minecraft.RedisTest.csproj", "{BC6B9E05-84DA-464E-9BB4-16BEAB94AB31}"
EndProject
Project("{FAE04EC0-301F-11D3-BF4B-00C04F79EFBC}") = "Minecraft.Config", "Minecraft.Config\Minecraft.Config.csproj", "{EC058AEE-1E8D-4A14-9B91-50167A01153B}"
EndProject
Global
	GlobalSection(SolutionConfigurationPlatforms) = preSolution
		Debug|Any CPU = Debug|Any CPU
		Release|Any CPU = Release|Any CPU
	EndGlobalSection
	GlobalSection(ProjectConfigurationPlatforms) = postSolution
		{F716882E-7043-4BAC-BBBF-66B4D821CD7A}.Debug|Any CPU.ActiveCfg = Debug|Any CPU
		{F716882E-7043-4BAC-BBBF-66B4D821CD7A}.Debug|Any CPU.Build.0 = Debug|Any CPU
		{F716882E-7043-4BAC-BBBF-66B4D821CD7A}.Release|Any CPU.ActiveCfg = Release|Any CPU
		{F716882E-7043-4BAC-BBBF-66B4D821CD7A}.Release|Any CPU.Build.0 = Release|Any CPU
		{B6D99A0E-5AEB-42C1-98B4-BE32BB16CAA8}.Debug|Any CPU.ActiveCfg = Debug|Any CPU
		{B6D99A0E-5AEB-42C1-98B4-BE32BB16CAA8}.Debug|Any CPU.Build.0 = Debug|Any CPU
		{B6D99A0E-5AEB-42C1-98B4-BE32BB16CAA8}.Release|Any CPU.ActiveCfg = Release|Any CPU
		{B6D99A0E-5AEB-42C1-98B4-BE32BB16CAA8}.Release|Any CPU.Build.0 = Release|Any CPU
		{78C39217-0E3A-4E93-9F58-0108EFE5639F}.Debug|Any CPU.ActiveCfg = Debug|Any CPU
		{78C39217-0E3A-4E93-9F58-0108EFE5639F}.Debug|Any CPU.Build.0 = Debug|Any CPU
		{78C39217-0E3A-4E93-9F58-0108EFE5639F}.Release|Any CPU.ActiveCfg = Release|Any CPU
		{78C39217-0E3A-4E93-9F58-0108EFE5639F}.Release|Any CPU.Build.0 = Release|Any CPU
		{F22FC0E3-8064-427B-8437-38CC996DE567}.Debug|Any CPU.ActiveCfg = Debug|Any CPU
		{F22FC0E3-8064-427B-8437-38CC996DE567}.Debug|Any CPU.Build.0 = Debug|Any CPU
		{F22FC0E3-8064-427B-8437-38CC996DE567}.Release|Any CPU.ActiveCfg = Release|Any CPU
		{F22FC0E3-8064-427B-8437-38CC996DE567}.Release|Any CPU.Build.0 = Release|Any CPU
		{D55CEBF6-D7A9-4F05-9F3C-91C113F9F1E5}.Debug|Any CPU.ActiveCfg = Debug|Any CPU
		{D55CEBF6-D7A9-4F05-9F3C-91C113F9F1E5}.Debug|Any CPU.Build.0 = Debug|Any CPU
		{D55CEBF6-D7A9-4F05-9F3C-91C113F9F1E5}.Release|Any CPU.ActiveCfg = Release|Any CPU
		{D55CEBF6-D7A9-4F05-9F3C-91C113F9F1E5}.Release|Any CPU.Build.0 = Release|Any CPU
		{D89518F5-88E7-4B0E-AB9D-86589F429176}.Debug|Any CPU.ActiveCfg = Debug|Any CPU
		{D89518F5-88E7-4B0E-AB9D-86589F429176}.Debug|Any CPU.Build.0 = Debug|Any CPU
		{D89518F5-88E7-4B0E-AB9D-86589F429176}.Release|Any CPU.ActiveCfg = Release|Any CPU
		{D89518F5-88E7-4B0E-AB9D-86589F429176}.Release|Any CPU.Build.0 = Release|Any CPU
		{464CD133-6FF3-408E-9D53-934E14776072}.Debug|Any CPU.ActiveCfg = Debug|Any CPU
		{464CD133-6FF3-408E-9D53-934E14776072}.Debug|Any CPU.Build.0 = Debug|Any CPU
		{464CD133-6FF3-408E-9D53-934E14776072}.Release|Any CPU.ActiveCfg = Release|Any CPU
		{464CD133-6FF3-408E-9D53-934E14776072}.Release|Any CPU.Build.0 = Release|Any CPU
		{D70A0AE3-7F63-4DDC-B5C3-11C3479F5CA6}.Debug|Any CPU.ActiveCfg = Debug|Any CPU
		{D70A0AE3-7F63-4DDC-B5C3-11C3479F5CA6}.Debug|Any CPU.Build.0 = Debug|Any CPU
		{D70A0AE3-7F63-4DDC-B5C3-11C3479F5CA6}.Release|Any CPU.ActiveCfg = Release|Any CPU
		{D70A0AE3-7F63-4DDC-B5C3-11C3479F5CA6}.Release|Any CPU.Build.0 = Release|Any CPU
		{71AF9B55-409F-48F3-B927-27FDEC42A91A}.Debug|Any CPU.ActiveCfg = Debug|Any CPU
		{71AF9B55-409F-48F3-B927-27FDEC42A91A}.Debug|Any CPU.Build.0 = Debug|Any CPU
		{71AF9B55-409F-48F3-B927-27FDEC42A91A}.Release|Any CPU.ActiveCfg = Release|Any CPU
		{71AF9B55-409F-48F3-B927-27FDEC42A91A}.Release|Any CPU.Build.0 = Release|Any CPU
		{D0B62F24-EAF1-4654-B859-337EA97DC2B9}.Debug|Any CPU.ActiveCfg = Debug|Any CPU
		{D0B62F24-EAF1-4654-B859-337EA97DC2B9}.Debug|Any CPU.Build.0 = Debug|Any CPU
		{D0B62F24-EAF1-4654-B859-337EA97DC2B9}.Release|Any CPU.ActiveCfg = Release|Any CPU
		{D0B62F24-EAF1-4654-B859-337EA97DC2B9}.Release|Any CPU.Build.0 = Release|Any CPU
		{BC6B9E05-84DA-464E-9BB4-16BEAB94AB31}.Debug|Any CPU.ActiveCfg = Debug|Any CPU
		{BC6B9E05-84DA-464E-9BB4-16BEAB94AB31}.Debug|Any CPU.Build.0 = Debug|Any CPU
		{BC6B9E05-84DA-464E-9BB4-16BEAB94AB31}.Release|Any CPU.ActiveCfg = Release|Any CPU
		{BC6B9E05-84DA-464E-9BB4-16BEAB94AB31}.Release|Any CPU.Build.0 = Release|Any CPU
		{EC058AEE-1E8D-4A14-9B91-50167A01153B}.Debug|Any CPU.ActiveCfg = Debug|Any CPU
		{EC058AEE-1E8D-4A14-9B91-50167A01153B}.Debug|Any CPU.Build.0 = Debug|Any CPU
		{EC058AEE-1E8D-4A14-9B91-50167A01153B}.Release|Any CPU.ActiveCfg = Release|Any CPU
		{EC058AEE-1E8D-4A14-9B91-50167A01153B}.Release|Any CPU.Build.0 = Release|Any CPU
	EndGlobalSection
	GlobalSection(SolutionProperties) = preSolution
		HideSolutionNode = FALSE
	EndGlobalSection
	GlobalSection(NestedProjects) = preSolution
		{F716882E-7043-4BAC-BBBF-66B4D821CD7A} = {D4669D7B-54AA-4C4C-9A30-C7C1C12D3538}
		{B6D99A0E-5AEB-42C1-98B4-BE32BB16CAA8} = {CD8008D6-AF45-43AF-8880-C2A61F7828D9}
		{78C39217-0E3A-4E93-9F58-0108EFE5639F} = {9E1F887F-6BC6-44E7-A1B0-84A82AC7AD40}
		{F22FC0E3-8064-427B-8437-38CC996DE567} = {A046FA82-0145-453A-94A0-DAD0808A0BB0}
		{D55CEBF6-D7A9-4F05-9F3C-91C113F9F1E5} = {A046FA82-0145-453A-94A0-DAD0808A0BB0}
		{D89518F5-88E7-4B0E-AB9D-86589F429176} = {9784619B-E6A9-45A3-8A2A-AC2075EB1FCE}
		{464CD133-6FF3-408E-9D53-934E14776072} = {6D27CC8B-FB71-47E1-A583-86E8BC24242E}
		{D70A0AE3-7F63-4DDC-B5C3-11C3479F5CA6} = {696DA0EF-8845-4A4A-956E-D96DA7DB7159}
		{71AF9B55-409F-48F3-B927-27FDEC42A91A} = {696DA0EF-8845-4A4A-956E-D96DA7DB7159}
		{D0B62F24-EAF1-4654-B859-337EA97DC2B9} = {A9C234F8-9A64-4511-BBC6-05B61EE8927A}
		{BC6B9E05-84DA-464E-9BB4-16BEAB94AB31} = {696DA0EF-8845-4A4A-956E-D96DA7DB7159}
		{EC058AEE-1E8D-4A14-9B91-50167A01153B} = {6D27CC8B-FB71-47E1-A583-86E8BC24242E}
	EndGlobalSection
	GlobalSection(ExtensibilityGlobals) = postSolution
		SolutionGuid = {1C8DAD07-DF2D-4D74-82FF-6E9AAC89AC0B}
	EndGlobalSection
EndGlobal
